
Microsoft Visual Studio Solution File, Format Version 12.00
# Visual Studio Version 16
VisualStudioVersion = 16.0.31205.134
MinimumVisualStudioVersion = 10.0.40219.1
Project("{9A19103F-16F7-4668-BE54-9A1E7A4F7556}") = "MakeTopmost.Client.Windows", "MakeTopmost.Client.Windows\MakeTopmost.Client.Windows.csproj", "{C579C20B-A524-4737-990C-5E65B5594B15}"
EndProject
Project("{9A19103F-16F7-4668-BE54-9A1E7A4F7556}") = "MakeTopmost.Lib.Client", "MakeTopmost.Lib.Client\MakeTopmost.Lib.Client.csproj", "{645026A8-8380-4C99-94B3-0BB97591ECDC}"
EndProject
Global
	GlobalSection(SolutionConfigurationPlatforms) = preSolution
		Debug|Any CPU = Debug|Any CPU
		Release|Any CPU = Release|Any CPU
	EndGlobalSection
	GlobalSection(ProjectConfigurationPlatforms) = postSolution
		{C579C20B-A524-4737-990C-5E65B5594B15}.Debug|Any CPU.ActiveCfg = Debug|Any CPU
		{C579C20B-A524-4737-990C-5E65B5594B15}.Debug|Any CPU.Build.0 = Debug|Any CPU
		{C579C20B-A524-4737-990C-5E65B5594B15}.Release|Any CPU.ActiveCfg = Release|Any CPU
		{C579C20B-A524-4737-990C-5E65B5594B15}.Release|Any CPU.Build.0 = Release|Any CPU
		{645026A8-8380-4C99-94B3-0BB97591ECDC}.Debug|Any CPU.ActiveCfg = Debug|Any CPU
		{645026A8-8380-4C99-94B3-0BB97591ECDC}.Debug|Any CPU.Build.0 = Debug|Any CPU
		{645026A8-8380-4C99-94B3-0BB97591ECDC}.Release|Any CPU.ActiveCfg = Release|Any CPU
		{645026A8-8380-4C99-94B3-0BB97591ECDC}.Release|Any CPU.Build.0 = Release|Any CPU
	EndGlobalSection
	GlobalSection(SolutionProperties) = preSolution
		HideSolutionNode = FALSE
	EndGlobalSection
	GlobalSection(ExtensibilityGlobals) = postSolution
		SolutionGuid = {9D8D9771-C89B-4BBC-9D6D-5936C78011B0}
	EndGlobalSection
EndGlobal
